// !$*UTF8*$!
{
	archiveVersion = 1;
	classes = {
	};
	objectVersion = 48;
	objects = {

/* Begin PBXBuildFile section */
		1B6787BF1FA3E8BC00CCA154 /* GameKit.framework in Frameworks */ = {isa = PBXBuildFile; fileRef = 1B6787BE1FA3E8BC00CCA154 /* GameKit.framework */; };
		1B6787C31FA3F05500CCA154 /* HomeViewController.swift in Sources */ = {isa = PBXBuildFile; fileRef = 1B6787C21FA3F05500CCA154 /* HomeViewController.swift */; };
		1B6787C71FA3F85D00CCA154 /* GameCenter.swift in Sources */ = {isa = PBXBuildFile; fileRef = 1B6787C61FA3F85D00CCA154 /* GameCenter.swift */; };
		1B6787C81FA4076800CCA154 /* DDCHardware-Compressed.otf in Resources */ = {isa = PBXBuildFile; fileRef = 1B93E2091F97A4CB0078B4EF /* DDCHardware-Compressed.otf */; };
		1B6787C91FA4076800CCA154 /* DDCHardware-Condensed.otf in Resources */ = {isa = PBXBuildFile; fileRef = 1B93E20A1F97A4CB0078B4EF /* DDCHardware-Condensed.otf */; };
		1B6787CA1FA4076800CCA154 /* DDCHardware-Regular.otf in Resources */ = {isa = PBXBuildFile; fileRef = 1B93E20B1F97A4CC0078B4EF /* DDCHardware-Regular.otf */; };
		1B7D10041FA15E8F009110B4 /* Player.swift in Sources */ = {isa = PBXBuildFile; fileRef = 1B7D10031FA15E8F009110B4 /* Player.swift */; };
		1B7D10061FA15EE8009110B4 /* Sprite.swift in Sources */ = {isa = PBXBuildFile; fileRef = 1B7D10051FA15EE8009110B4 /* Sprite.swift */; };
		1B93E1F21F979FBC0078B4EF /* AppDelegate.swift in Sources */ = {isa = PBXBuildFile; fileRef = 1B93E1F11F979FBC0078B4EF /* AppDelegate.swift */; };
		1B93E1F41F979FBC0078B4EF /* GameScene.sks in Resources */ = {isa = PBXBuildFile; fileRef = 1B93E1F31F979FBC0078B4EF /* GameScene.sks */; };
		1B93E1F61F979FBC0078B4EF /* Actions.sks in Resources */ = {isa = PBXBuildFile; fileRef = 1B93E1F51F979FBC0078B4EF /* Actions.sks */; };
		1B93E1F81F979FBC0078B4EF /* GameScene.swift in Sources */ = {isa = PBXBuildFile; fileRef = 1B93E1F71F979FBC0078B4EF /* GameScene.swift */; };
		1B93E1FA1F979FBC0078B4EF /* GameViewController.swift in Sources */ = {isa = PBXBuildFile; fileRef = 1B93E1F91F979FBC0078B4EF /* GameViewController.swift */; };
		1B93E1FD1F979FBC0078B4EF /* Main.storyboard in Resources */ = {isa = PBXBuildFile; fileRef = 1B93E1FB1F979FBC0078B4EF /* Main.storyboard */; };
		1B93E1FF1F979FBC0078B4EF /* Assets.xcassets in Resources */ = {isa = PBXBuildFile; fileRef = 1B93E1FE1F979FBC0078B4EF /* Assets.xcassets */; };
		1B93E2021F979FBC0078B4EF /* LaunchScreen.storyboard in Resources */ = {isa = PBXBuildFile; fileRef = 1B93E2001F979FBC0078B4EF /* LaunchScreen.storyboard */; };
		1BE7B5441FBC65840017D99B /* Cart.swift in Sources */ = {isa = PBXBuildFile; fileRef = 1BE7B5431FBC65840017D99B /* Cart.swift */; };
		3A179FDC1FA8F9A3001A9143 /* LoginScreen.swift in Sources */ = {isa = PBXBuildFile; fileRef = 3A179FDB1FA8F9A3001A9143 /* LoginScreen.swift */; };
		3A179FDE1FA8FF19001A9143 /* SignupScreen.swift in Sources */ = {isa = PBXBuildFile; fileRef = 3A179FDD1FA8FF19001A9143 /* SignupScreen.swift */; };
		3A4D3E1C1FC524D90044FFAE /* crash.mp3 in Resources */ = {isa = PBXBuildFile; fileRef = 3A4D3E1B1FC524D90044FFAE /* crash.mp3 */; };
		3A53A8131FC24B0700A460ED /* BackgroundViewController.swift in Sources */ = {isa = PBXBuildFile; fileRef = 3A53A8121FC24B0700A460ED /* BackgroundViewController.swift */; };
		3A80460F1FA90A9A0013B8AE /* GoogleService-Info.plist in Resources */ = {isa = PBXBuildFile; fileRef = 3A80460E1FA90A9A0013B8AE /* GoogleService-Info.plist */; };
		3A8046111FA910490013B8AE /* DataStore.swift in Sources */ = {isa = PBXBuildFile; fileRef = 3A8046101FA910490013B8AE /* DataStore.swift */; };
		3A97A6221FBD48E8007C9B4C /* background.mp3 in Resources */ = {isa = PBXBuildFile; fileRef = 3A97A6211FBD48E8007C9B4C /* background.mp3 */; };
		96408F553CC46695592E54B8 /* Pods_Flight_Sickness.framework in Frameworks */ = {isa = PBXBuildFile; fileRef = 0484F3BCB46C511686653BAF /* Pods_Flight_Sickness.framework */; };
		CC20EEEE1FC4140A00E481F0 /* ObstacleGenerator.swift in Sources */ = {isa = PBXBuildFile; fileRef = CC20EEED1FC4140A00E481F0 /* ObstacleGenerator.swift */; };
		CC45535A1FC21A0000BD3573 /* Bag.swift in Sources */ = {isa = PBXBuildFile; fileRef = CC4553591FC21A0000BD3573 /* Bag.swift */; };
		CC7C64601FC7465900429EF5 /* Seat.swift in Sources */ = {isa = PBXBuildFile; fileRef = CC7C645F1FC7465900429EF5 /* Seat.swift */; };
		CC7C64641FCE05CA00429EF5 /* LinkedList.swift in Sources */ = {isa = PBXBuildFile; fileRef = CC7C64631FCE05CA00429EF5 /* LinkedList.swift */; };
		CC92E2DB1FC5FF7E0057F766 /* SKSpriteNode.swift in Sources */ = {isa = PBXBuildFile; fileRef = CC92E2DA1FC5FF7E0057F766 /* SKSpriteNode.swift */; };
		CCDCE3011FA18CF900BC6486 /* Settings.swift in Sources */ = {isa = PBXBuildFile; fileRef = CCDCE2FF1FA18CF800BC6486 /* Settings.swift */; };
		CCDCE3021FA18CF900BC6486 /* SettingsViewController.swift in Sources */ = {isa = PBXBuildFile; fileRef = CCDCE3001FA18CF900BC6486 /* SettingsViewController.swift */; };
		CCF5CBAA1FC64B1F00EA19DF /* Obstacle.swift in Sources */ = {isa = PBXBuildFile; fileRef = CCF5CBA91FC64B1F00EA19DF /* Obstacle.swift */; };
/* End PBXBuildFile section */

/* Begin PBXFileReference section */
		0484F3BCB46C511686653BAF /* Pods_Flight_Sickness.framework */ = {isa = PBXFileReference; explicitFileType = wrapper.framework; includeInIndex = 0; path = Pods_Flight_Sickness.framework; sourceTree = BUILT_PRODUCTS_DIR; };
		0898E3109EBE362643042EDF /* Pods-Flight Sickness.debug.xcconfig */ = {isa = PBXFileReference; includeInIndex = 1; lastKnownFileType = text.xcconfig; name = "Pods-Flight Sickness.debug.xcconfig"; path = "Pods/Target Support Files/Pods-Flight Sickness/Pods-Flight Sickness.debug.xcconfig"; sourceTree = "<group>"; };
		1B6787BE1FA3E8BC00CCA154 /* GameKit.framework */ = {isa = PBXFileReference; lastKnownFileType = wrapper.framework; name = GameKit.framework; path = System/Library/Frameworks/GameKit.framework; sourceTree = SDKROOT; };
		1B6787C21FA3F05500CCA154 /* HomeViewController.swift */ = {isa = PBXFileReference; lastKnownFileType = sourcecode.swift; path = HomeViewController.swift; sourceTree = "<group>"; };
		1B6787C61FA3F85D00CCA154 /* GameCenter.swift */ = {isa = PBXFileReference; fileEncoding = 4; lastKnownFileType = sourcecode.swift; path = GameCenter.swift; sourceTree = "<group>"; };
		1B7D10031FA15E8F009110B4 /* Player.swift */ = {isa = PBXFileReference; lastKnownFileType = sourcecode.swift; path = Player.swift; sourceTree = "<group>"; };
		1B7D10051FA15EE8009110B4 /* Sprite.swift */ = {isa = PBXFileReference; lastKnownFileType = sourcecode.swift; path = Sprite.swift; sourceTree = "<group>"; };
		1B93E1EE1F979FBC0078B4EF /* Flight Sickness.app */ = {isa = PBXFileReference; explicitFileType = wrapper.application; includeInIndex = 0; path = "Flight Sickness.app"; sourceTree = BUILT_PRODUCTS_DIR; };
		1B93E1F11F979FBC0078B4EF /* AppDelegate.swift */ = {isa = PBXFileReference; lastKnownFileType = sourcecode.swift; path = AppDelegate.swift; sourceTree = "<group>"; };
		1B93E1F31F979FBC0078B4EF /* GameScene.sks */ = {isa = PBXFileReference; lastKnownFileType = file.sks; path = GameScene.sks; sourceTree = "<group>"; };
		1B93E1F51F979FBC0078B4EF /* Actions.sks */ = {isa = PBXFileReference; lastKnownFileType = file.sks; path = Actions.sks; sourceTree = "<group>"; };
		1B93E1F71F979FBC0078B4EF /* GameScene.swift */ = {isa = PBXFileReference; lastKnownFileType = sourcecode.swift; path = GameScene.swift; sourceTree = "<group>"; usesTabs = 0; };
		1B93E1F91F979FBC0078B4EF /* GameViewController.swift */ = {isa = PBXFileReference; lastKnownFileType = sourcecode.swift; path = GameViewController.swift; sourceTree = "<group>"; };
		1B93E1FC1F979FBC0078B4EF /* Base */ = {isa = PBXFileReference; lastKnownFileType = file.storyboard; name = Base; path = Base.lproj/Main.storyboard; sourceTree = "<group>"; };
		1B93E1FE1F979FBC0078B4EF /* Assets.xcassets */ = {isa = PBXFileReference; lastKnownFileType = folder.assetcatalog; path = Assets.xcassets; sourceTree = "<group>"; };
		1B93E2011F979FBC0078B4EF /* Base */ = {isa = PBXFileReference; lastKnownFileType = file.storyboard; name = Base; path = Base.lproj/LaunchScreen.storyboard; sourceTree = "<group>"; };
		1B93E2031F979FBC0078B4EF /* Info.plist */ = {isa = PBXFileReference; lastKnownFileType = text.plist.xml; path = Info.plist; sourceTree = "<group>"; };
		1B93E2091F97A4CB0078B4EF /* DDCHardware-Compressed.otf */ = {isa = PBXFileReference; lastKnownFileType = file; path = "DDCHardware-Compressed.otf"; sourceTree = "<group>"; };
		1B93E20A1F97A4CB0078B4EF /* DDCHardware-Condensed.otf */ = {isa = PBXFileReference; lastKnownFileType = file; path = "DDCHardware-Condensed.otf"; sourceTree = "<group>"; };
		1B93E20B1F97A4CC0078B4EF /* DDCHardware-Regular.otf */ = {isa = PBXFileReference; lastKnownFileType = file; path = "DDCHardware-Regular.otf"; sourceTree = "<group>"; };
		1BE7B5431FBC65840017D99B /* Cart.swift */ = {isa = PBXFileReference; lastKnownFileType = sourcecode.swift; path = Cart.swift; sourceTree = "<group>"; };
		3A179FDB1FA8F9A3001A9143 /* LoginScreen.swift */ = {isa = PBXFileReference; lastKnownFileType = sourcecode.swift; path = LoginScreen.swift; sourceTree = "<group>"; };
		3A179FDD1FA8FF19001A9143 /* SignupScreen.swift */ = {isa = PBXFileReference; lastKnownFileType = sourcecode.swift; path = SignupScreen.swift; sourceTree = "<group>"; };
		3A4D3E1B1FC524D90044FFAE /* crash.mp3 */ = {isa = PBXFileReference; lastKnownFileType = audio.mp3; path = crash.mp3; sourceTree = "<group>"; };
		3A53A8121FC24B0700A460ED /* BackgroundViewController.swift */ = {isa = PBXFileReference; fileEncoding = 4; lastKnownFileType = sourcecode.swift; path = BackgroundViewController.swift; sourceTree = "<group>"; };
		3A80460E1FA90A9A0013B8AE /* GoogleService-Info.plist */ = {isa = PBXFileReference; fileEncoding = 4; lastKnownFileType = text.plist.xml; path = "GoogleService-Info.plist"; sourceTree = "<group>"; };
		3A8046101FA910490013B8AE /* DataStore.swift */ = {isa = PBXFileReference; lastKnownFileType = sourcecode.swift; path = DataStore.swift; sourceTree = "<group>"; };
		3A97A6211FBD48E8007C9B4C /* background.mp3 */ = {isa = PBXFileReference; lastKnownFileType = audio.mp3; path = background.mp3; sourceTree = "<group>"; };
		CC20EEED1FC4140A00E481F0 /* ObstacleGenerator.swift */ = {isa = PBXFileReference; lastKnownFileType = sourcecode.swift; path = ObstacleGenerator.swift; sourceTree = "<group>"; };
		CC4553591FC21A0000BD3573 /* Bag.swift */ = {isa = PBXFileReference; fileEncoding = 4; lastKnownFileType = sourcecode.swift; path = Bag.swift; sourceTree = "<group>"; };
		CC7C645F1FC7465900429EF5 /* Seat.swift */ = {isa = PBXFileReference; lastKnownFileType = sourcecode.swift; path = Seat.swift; sourceTree = "<group>"; };
		CC7C64631FCE05CA00429EF5 /* LinkedList.swift */ = {isa = PBXFileReference; lastKnownFileType = sourcecode.swift; path = LinkedList.swift; sourceTree = "<group>"; };
		CC92E2DA1FC5FF7E0057F766 /* SKSpriteNode.swift */ = {isa = PBXFileReference; lastKnownFileType = sourcecode.swift; path = SKSpriteNode.swift; sourceTree = "<group>"; };
		CCDCE2FF1FA18CF800BC6486 /* Settings.swift */ = {isa = PBXFileReference; fileEncoding = 4; lastKnownFileType = sourcecode.swift; path = Settings.swift; sourceTree = "<group>"; };
		CCDCE3001FA18CF900BC6486 /* SettingsViewController.swift */ = {isa = PBXFileReference; fileEncoding = 4; lastKnownFileType = sourcecode.swift; path = SettingsViewController.swift; sourceTree = "<group>"; };
		CCF5CBA91FC64B1F00EA19DF /* Obstacle.swift */ = {isa = PBXFileReference; lastKnownFileType = sourcecode.swift; path = Obstacle.swift; sourceTree = "<group>"; };
		D50407CABA4F7D3C99696B17 /* Pods-Flight Sickness.release.xcconfig */ = {isa = PBXFileReference; includeInIndex = 1; lastKnownFileType = text.xcconfig; name = "Pods-Flight Sickness.release.xcconfig"; path = "Pods/Target Support Files/Pods-Flight Sickness/Pods-Flight Sickness.release.xcconfig"; sourceTree = "<group>"; };
/* End PBXFileReference section */

/* Begin PBXFrameworksBuildPhase section */
		1B93E1EB1F979FBC0078B4EF /* Frameworks */ = {
			isa = PBXFrameworksBuildPhase;
			buildActionMask = 2147483647;
			files = (
				1B6787BF1FA3E8BC00CCA154 /* GameKit.framework in Frameworks */,
				96408F553CC46695592E54B8 /* Pods_Flight_Sickness.framework in Frameworks */,
			);
			runOnlyForDeploymentPostprocessing = 0;
		};
/* End PBXFrameworksBuildPhase section */

/* Begin PBXGroup section */
		013DA57A970208F5E4EBBBC5 /* Pods */ = {
			isa = PBXGroup;
			children = (
				0898E3109EBE362643042EDF /* Pods-Flight Sickness.debug.xcconfig */,
				D50407CABA4F7D3C99696B17 /* Pods-Flight Sickness.release.xcconfig */,
			);
			name = Pods;
			sourceTree = "<group>";
		};
		1B6787BD1FA3E8BC00CCA154 /* Frameworks */ = {
			isa = PBXGroup;
			children = (
				1B6787BE1FA3E8BC00CCA154 /* GameKit.framework */,
				0484F3BCB46C511686653BAF /* Pods_Flight_Sickness.framework */,
			);
			name = Frameworks;
			sourceTree = "<group>";
		};
		1B93E1E51F979FBC0078B4EF = {
			isa = PBXGroup;
			children = (
				1B93E1F01F979FBC0078B4EF /* Flight Sickness */,
				1B93E1EF1F979FBC0078B4EF /* Products */,
				1B6787BD1FA3E8BC00CCA154 /* Frameworks */,
				013DA57A970208F5E4EBBBC5 /* Pods */,
			);
			sourceTree = "<group>";
		};
		1B93E1EF1F979FBC0078B4EF /* Products */ = {
			isa = PBXGroup;
			children = (
				1B93E1EE1F979FBC0078B4EF /* Flight Sickness.app */,
			);
			name = Products;
			sourceTree = "<group>";
		};
		1B93E1F01F979FBC0078B4EF /* Flight Sickness */ = {
			isa = PBXGroup;
			children = (
				3A97A6201FBD48C5007C9B4C /* Music */,
				1B93E1F11F979FBC0078B4EF /* AppDelegate.swift */,
				CC3658741FBCD31A00E0342F /* View Controllers */,
				CC3658751FBCD37A00E0342F /* Sprites */,
				1B93E1F71F979FBC0078B4EF /* GameScene.swift */,
				1B6787C61FA3F85D00CCA154 /* GameCenter.swift */,
				CC20EEED1FC4140A00E481F0 /* ObstacleGenerator.swift */,
				1B93E1FB1F979FBC0078B4EF /* Main.storyboard */,
				CCDCE2FF1FA18CF800BC6486 /* Settings.swift */,
				CC7C64631FCE05CA00429EF5 /* LinkedList.swift */,
				3A8046101FA910490013B8AE /* DataStore.swift */,
				1B93E1F31F979FBC0078B4EF /* GameScene.sks */,
				1B93E1F51F979FBC0078B4EF /* Actions.sks */,
				1B93E20C1F97A5160078B4EF /* Resources */,
				1B93E1FE1F979FBC0078B4EF /* Assets.xcassets */,
				1B93E2001F979FBC0078B4EF /* LaunchScreen.storyboard */,
				1B93E2031F979FBC0078B4EF /* Info.plist */,
			);
			path = "Flight Sickness";
			sourceTree = "<group>";
		};
		1B93E20C1F97A5160078B4EF /* Resources */ = {
			isa = PBXGroup;
			children = (
				3A80460E1FA90A9A0013B8AE /* GoogleService-Info.plist */,
				1B93E2091F97A4CB0078B4EF /* DDCHardware-Compressed.otf */,
				1B93E20A1F97A4CB0078B4EF /* DDCHardware-Condensed.otf */,
				1B93E20B1F97A4CC0078B4EF /* DDCHardware-Regular.otf */,
			);
			path = Resources;
			sourceTree = "<group>";
		};
		3A97A6201FBD48C5007C9B4C /* Music */ = {
			isa = PBXGroup;
			children = (
				3A4D3E1B1FC524D90044FFAE /* crash.mp3 */,
				3A97A6211FBD48E8007C9B4C /* background.mp3 */,
			);
			path = Music;
			sourceTree = "<group>";
		};
		CC3658741FBCD31A00E0342F /* View Controllers */ = {
			isa = PBXGroup;
			children = (
				1B93E1F91F979FBC0078B4EF /* GameViewController.swift */,
				CCDCE3001FA18CF900BC6486 /* SettingsViewController.swift */,
				1B6787C21FA3F05500CCA154 /* HomeViewController.swift */,
				3A179FDD1FA8FF19001A9143 /* SignupScreen.swift */,
				3A179FDB1FA8F9A3001A9143 /* LoginScreen.swift */,
				3A53A8121FC24B0700A460ED /* BackgroundViewController.swift */,
			);
			path = "View Controllers";
			sourceTree = "<group>";
		};
		CC3658751FBCD37A00E0342F /* Sprites */ = {
			isa = PBXGroup;
			children = (
				CC92E2DA1FC5FF7E0057F766 /* SKSpriteNode.swift */,
				CCF5CBA91FC64B1F00EA19DF /* Obstacle.swift */,
				CC7C645F1FC7465900429EF5 /* Seat.swift */,
				CC4553591FC21A0000BD3573 /* Bag.swift */,
				1BE7B5431FBC65840017D99B /* Cart.swift */,
				1B7D10051FA15EE8009110B4 /* Sprite.swift */,
				1B7D10031FA15E8F009110B4 /* Player.swift */,
			);
			path = Sprites;
			sourceTree = "<group>";
		};
/* End PBXGroup section */

/* Begin PBXNativeTarget section */
		1B93E1ED1F979FBC0078B4EF /* Flight Sickness */ = {
			isa = PBXNativeTarget;
			buildConfigurationList = 1B93E2061F979FBC0078B4EF /* Build configuration list for PBXNativeTarget "Flight Sickness" */;
			buildPhases = (
				4ED01B04DE2E538391A357B7 /* [CP] Check Pods Manifest.lock */,
				1B93E1EA1F979FBC0078B4EF /* Sources */,
				1B93E1EB1F979FBC0078B4EF /* Frameworks */,
				1B93E1EC1F979FBC0078B4EF /* Resources */,
				24820819A5A1CBAE4E9C9D60 /* [CP] Embed Pods Frameworks */,
				E2BF553125EE3E7A43D395D7 /* [CP] Copy Pods Resources */,
			);
			buildRules = (
			);
			dependencies = (
			);
			name = "Flight Sickness";
			productName = "Flight Sickness";
			productReference = 1B93E1EE1F979FBC0078B4EF /* Flight Sickness.app */;
			productType = "com.apple.product-type.application";
		};
/* End PBXNativeTarget section */

/* Begin PBXProject section */
		1B93E1E61F979FBC0078B4EF /* Project object */ = {
			isa = PBXProject;
			attributes = {
				LastSwiftUpdateCheck = 0900;
				LastUpgradeCheck = 0900;
				ORGANIZATIONNAME = Coleman;
				TargetAttributes = {
					1B93E1ED1F979FBC0078B4EF = {
						CreatedOnToolsVersion = 9.0;
						ProvisioningStyle = Automatic;
						SystemCapabilities = {
							com.apple.GameCenter = {
								enabled = 1;
							};
						};
					};
				};
			};
			buildConfigurationList = 1B93E1E91F979FBC0078B4EF /* Build configuration list for PBXProject "Flight Sickness" */;
			compatibilityVersion = "Xcode 8.0";
			developmentRegion = en;
			hasScannedForEncodings = 0;
			knownRegions = (
				en,
				Base,
			);
			mainGroup = 1B93E1E51F979FBC0078B4EF;
			productRefGroup = 1B93E1EF1F979FBC0078B4EF /* Products */;
			projectDirPath = "";
			projectRoot = "";
			targets = (
				1B93E1ED1F979FBC0078B4EF /* Flight Sickness */,
			);
		};
/* End PBXProject section */

/* Begin PBXResourcesBuildPhase section */
		1B93E1EC1F979FBC0078B4EF /* Resources */ = {
			isa = PBXResourcesBuildPhase;
			buildActionMask = 2147483647;
			files = (
				1B6787C81FA4076800CCA154 /* DDCHardware-Compressed.otf in Resources */,
				1B6787C91FA4076800CCA154 /* DDCHardware-Condensed.otf in Resources */,
				3A80460F1FA90A9A0013B8AE /* GoogleService-Info.plist in Resources */,
				1B6787CA1FA4076800CCA154 /* DDCHardware-Regular.otf in Resources */,
				3A4D3E1C1FC524D90044FFAE /* crash.mp3 in Resources */,
				1B93E1FD1F979FBC0078B4EF /* Main.storyboard in Resources */,
				1B93E1F41F979FBC0078B4EF /* GameScene.sks in Resources */,
				3A97A6221FBD48E8007C9B4C /* background.mp3 in Resources */,
				1B93E1FF1F979FBC0078B4EF /* Assets.xcassets in Resources */,
				1B93E2021F979FBC0078B4EF /* LaunchScreen.storyboard in Resources */,
				1B93E1F61F979FBC0078B4EF /* Actions.sks in Resources */,
			);
			runOnlyForDeploymentPostprocessing = 0;
		};
/* End PBXResourcesBuildPhase section */

/* Begin PBXShellScriptBuildPhase section */
		24820819A5A1CBAE4E9C9D60 /* [CP] Embed Pods Frameworks */ = {
			isa = PBXShellScriptBuildPhase;
			buildActionMask = 2147483647;
			files = (
			);
			inputPaths = (
				"${SRCROOT}/Pods/Target Support Files/Pods-Flight Sickness/Pods-Flight Sickness-frameworks.sh",
				"${BUILT_PRODUCTS_DIR}/GoogleToolboxForMac/GoogleToolboxForMac.framework",
				"${BUILT_PRODUCTS_DIR}/leveldb-library/leveldb.framework",
				"${BUILT_PRODUCTS_DIR}/nanopb/nanopb.framework",
			);
			name = "[CP] Embed Pods Frameworks";
			outputPaths = (
				"${TARGET_BUILD_DIR}/${FRAMEWORKS_FOLDER_PATH}/GoogleToolboxForMac.framework",
				"${TARGET_BUILD_DIR}/${FRAMEWORKS_FOLDER_PATH}/leveldb.framework",
				"${TARGET_BUILD_DIR}/${FRAMEWORKS_FOLDER_PATH}/nanopb.framework",
			);
			runOnlyForDeploymentPostprocessing = 0;
			shellPath = /bin/sh;
			shellScript = "\"${SRCROOT}/Pods/Target Support Files/Pods-Flight Sickness/Pods-Flight Sickness-frameworks.sh\"\n";
			showEnvVarsInLog = 0;
		};
		4ED01B04DE2E538391A357B7 /* [CP] Check Pods Manifest.lock */ = {
			isa = PBXShellScriptBuildPhase;
			buildActionMask = 2147483647;
			files = (
			);
			inputPaths = (
				"${PODS_PODFILE_DIR_PATH}/Podfile.lock",
				"${PODS_ROOT}/Manifest.lock",
			);
			name = "[CP] Check Pods Manifest.lock";
			outputPaths = (
				"$(DERIVED_FILE_DIR)/Pods-Flight Sickness-checkManifestLockResult.txt",
			);
			runOnlyForDeploymentPostprocessing = 0;
			shellPath = /bin/sh;
			shellScript = "diff \"${PODS_PODFILE_DIR_PATH}/Podfile.lock\" \"${PODS_ROOT}/Manifest.lock\" > /dev/null\nif [ $? != 0 ] ; then\n    # print error to STDERR\n    echo \"error: The sandbox is not in sync with the Podfile.lock. Run 'pod install' or update your CocoaPods installation.\" >&2\n    exit 1\nfi\n# This output is used by Xcode 'outputs' to avoid re-running this script phase.\necho \"SUCCESS\" > \"${SCRIPT_OUTPUT_FILE_0}\"\n";
			showEnvVarsInLog = 0;
		};
		E2BF553125EE3E7A43D395D7 /* [CP] Copy Pods Resources */ = {
			isa = PBXShellScriptBuildPhase;
			buildActionMask = 2147483647;
			files = (
			);
			inputPaths = (
			);
			name = "[CP] Copy Pods Resources";
			outputPaths = (
			);
			runOnlyForDeploymentPostprocessing = 0;
			shellPath = /bin/sh;
			shellScript = "\"${SRCROOT}/Pods/Target Support Files/Pods-Flight Sickness/Pods-Flight Sickness-resources.sh\"\n";
			showEnvVarsInLog = 0;
		};
/* End PBXShellScriptBuildPhase section */

/* Begin PBXSourcesBuildPhase section */
		1B93E1EA1F979FBC0078B4EF /* Sources */ = {
			isa = PBXSourcesBuildPhase;
			buildActionMask = 2147483647;
			files = (
				CCDCE3011FA18CF900BC6486 /* Settings.swift in Sources */,
				3A8046111FA910490013B8AE /* DataStore.swift in Sources */,
				CC7C64641FCE05CA00429EF5 /* LinkedList.swift in Sources */,
				CC92E2DB1FC5FF7E0057F766 /* SKSpriteNode.swift in Sources */,
				1B7D10061FA15EE8009110B4 /* Sprite.swift in Sources */,
				1BE7B5441FBC65840017D99B /* Cart.swift in Sources */,
				3A179FDE1FA8FF19001A9143 /* SignupScreen.swift in Sources */,
				CCDCE3021FA18CF900BC6486 /* SettingsViewController.swift in Sources */,
				CC20EEEE1FC4140A00E481F0 /* ObstacleGenerator.swift in Sources */,
				CCF5CBAA1FC64B1F00EA19DF /* Obstacle.swift in Sources */,
				CC7C64601FC7465900429EF5 /* Seat.swift in Sources */,
				1B7D10041FA15E8F009110B4 /* Player.swift in Sources */,
				1B93E1F81F979FBC0078B4EF /* GameScene.swift in Sources */,
				1B6787C71FA3F85D00CCA154 /* GameCenter.swift in Sources */,
				1B6787C31FA3F05500CCA154 /* HomeViewController.swift in Sources */,
				CC45535A1FC21A0000BD3573 /* Bag.swift in Sources */,
				1B93E1FA1F979FBC0078B4EF /* GameViewController.swift in Sources */,
				3A53A8131FC24B0700A460ED /* BackgroundViewController.swift in Sources */,
				1B93E1F21F979FBC0078B4EF /* AppDelegate.swift in Sources */,
				3A179FDC1FA8F9A3001A9143 /* LoginScreen.swift in Sources */,
			);
			runOnlyForDeploymentPostprocessing = 0;
		};
/* End PBXSourcesBuildPhase section */

/* Begin PBXVariantGroup section */
		1B93E1FB1F979FBC0078B4EF /* Main.storyboard */ = {
			isa = PBXVariantGroup;
			children = (
				1B93E1FC1F979FBC0078B4EF /* Base */,
			);
			name = Main.storyboard;
			sourceTree = "<group>";
		};
		1B93E2001F979FBC0078B4EF /* LaunchScreen.storyboard */ = {
			isa = PBXVariantGroup;
			children = (
				1B93E2011F979FBC0078B4EF /* Base */,
			);
			name = LaunchScreen.storyboard;
			sourceTree = "<group>";
		};
/* End PBXVariantGroup section */

/* Begin XCBuildConfiguration section */
		1B93E2041F979FBC0078B4EF /* Debug */ = {
			isa = XCBuildConfiguration;
			buildSettings = {
				ALWAYS_SEARCH_USER_PATHS = NO;
				CLANG_ANALYZER_NONNULL = YES;
				CLANG_ANALYZER_NUMBER_OBJECT_CONVERSION = YES_AGGRESSIVE;
				CLANG_CXX_LANGUAGE_STANDARD = "gnu++14";
				CLANG_CXX_LIBRARY = "libc++";
				CLANG_ENABLE_MODULES = YES;
				CLANG_ENABLE_OBJC_ARC = YES;
				CLANG_WARN_BLOCK_CAPTURE_AUTORELEASING = YES;
				CLANG_WARN_BOOL_CONVERSION = YES;
				CLANG_WARN_COMMA = YES;
				CLANG_WARN_CONSTANT_CONVERSION = YES;
				CLANG_WARN_DIRECT_OBJC_ISA_USAGE = YES_ERROR;
				CLANG_WARN_DOCUMENTATION_COMMENTS = YES;
				CLANG_WARN_EMPTY_BODY = YES;
				CLANG_WARN_ENUM_CONVERSION = YES;
				CLANG_WARN_INFINITE_RECURSION = YES;
				CLANG_WARN_INT_CONVERSION = YES;
				CLANG_WARN_NON_LITERAL_NULL_CONVERSION = YES;
				CLANG_WARN_OBJC_LITERAL_CONVERSION = YES;
				CLANG_WARN_OBJC_ROOT_CLASS = YES_ERROR;
				CLANG_WARN_RANGE_LOOP_ANALYSIS = YES;
				CLANG_WARN_STRICT_PROTOTYPES = YES;
				CLANG_WARN_SUSPICIOUS_MOVE = YES;
				CLANG_WARN_UNGUARDED_AVAILABILITY = YES_AGGRESSIVE;
				CLANG_WARN_UNREACHABLE_CODE = YES;
				CLANG_WARN__DUPLICATE_METHOD_MATCH = YES;
				CODE_SIGN_IDENTITY = "iPhone Developer";
				COPY_PHASE_STRIP = NO;
				DEBUG_INFORMATION_FORMAT = dwarf;
				ENABLE_STRICT_OBJC_MSGSEND = YES;
				ENABLE_TESTABILITY = YES;
				GCC_C_LANGUAGE_STANDARD = gnu11;
				GCC_DYNAMIC_NO_PIC = NO;
				GCC_NO_COMMON_BLOCKS = YES;
				GCC_OPTIMIZATION_LEVEL = 0;
				GCC_PREPROCESSOR_DEFINITIONS = (
					"DEBUG=1",
					"$(inherited)",
				);
				GCC_WARN_64_TO_32_BIT_CONVERSION = YES;
				GCC_WARN_ABOUT_RETURN_TYPE = YES_ERROR;
				GCC_WARN_UNDECLARED_SELECTOR = YES;
				GCC_WARN_UNINITIALIZED_AUTOS = YES_AGGRESSIVE;
				GCC_WARN_UNUSED_FUNCTION = YES;
				GCC_WARN_UNUSED_VARIABLE = YES;
				IPHONEOS_DEPLOYMENT_TARGET = 11.0;
				MTL_ENABLE_DEBUG_INFO = YES;
				ONLY_ACTIVE_ARCH = YES;
				SDKROOT = iphoneos;
				SWIFT_ACTIVE_COMPILATION_CONDITIONS = DEBUG;
				SWIFT_OPTIMIZATION_LEVEL = "-Onone";
			};
			name = Debug;
		};
		1B93E2051F979FBC0078B4EF /* Release */ = {
			isa = XCBuildConfiguration;
			buildSettings = {
				ALWAYS_SEARCH_USER_PATHS = NO;
				CLANG_ANALYZER_NONNULL = YES;
				CLANG_ANALYZER_NUMBER_OBJECT_CONVERSION = YES_AGGRESSIVE;
				CLANG_CXX_LANGUAGE_STANDARD = "gnu++14";
				CLANG_CXX_LIBRARY = "libc++";
				CLANG_ENABLE_MODULES = YES;
				CLANG_ENABLE_OBJC_ARC = YES;
				CLANG_WARN_BLOCK_CAPTURE_AUTORELEASING = YES;
				CLANG_WARN_BOOL_CONVERSION = YES;
				CLANG_WARN_COMMA = YES;
				CLANG_WARN_CONSTANT_CONVERSION = YES;
				CLANG_WARN_DIRECT_OBJC_ISA_USAGE = YES_ERROR;
				CLANG_WARN_DOCUMENTATION_COMMENTS = YES;
				CLANG_WARN_EMPTY_BODY = YES;
				CLANG_WARN_ENUM_CONVERSION = YES;
				CLANG_WARN_INFINITE_RECURSION = YES;
				CLANG_WARN_INT_CONVERSION = YES;
				CLANG_WARN_NON_LITERAL_NULL_CONVERSION = YES;
				CLANG_WARN_OBJC_LITERAL_CONVERSION = YES;
				CLANG_WARN_OBJC_ROOT_CLASS = YES_ERROR;
				CLANG_WARN_RANGE_LOOP_ANALYSIS = YES;
				CLANG_WARN_STRICT_PROTOTYPES = YES;
				CLANG_WARN_SUSPICIOUS_MOVE = YES;
				CLANG_WARN_UNGUARDED_AVAILABILITY = YES_AGGRESSIVE;
				CLANG_WARN_UNREACHABLE_CODE = YES;
				CLANG_WARN__DUPLICATE_METHOD_MATCH = YES;
				CODE_SIGN_IDENTITY = "iPhone Developer";
				COPY_PHASE_STRIP = NO;
				DEBUG_INFORMATION_FORMAT = "dwarf-with-dsym";
				ENABLE_NS_ASSERTIONS = NO;
				ENABLE_STRICT_OBJC_MSGSEND = YES;
				GCC_C_LANGUAGE_STANDARD = gnu11;
				GCC_NO_COMMON_BLOCKS = YES;
				GCC_WARN_64_TO_32_BIT_CONVERSION = YES;
				GCC_WARN_ABOUT_RETURN_TYPE = YES_ERROR;
				GCC_WARN_UNDECLARED_SELECTOR = YES;
				GCC_WARN_UNINITIALIZED_AUTOS = YES_AGGRESSIVE;
				GCC_WARN_UNUSED_FUNCTION = YES;
				GCC_WARN_UNUSED_VARIABLE = YES;
				IPHONEOS_DEPLOYMENT_TARGET = 11.0;
				MTL_ENABLE_DEBUG_INFO = NO;
				SDKROOT = iphoneos;
				SWIFT_OPTIMIZATION_LEVEL = "-Owholemodule";
				VALIDATE_PRODUCT = YES;
			};
			name = Release;
		};
		1B93E2071F979FBC0078B4EF /* Debug */ = {
			isa = XCBuildConfiguration;
			baseConfigurationReference = 0898E3109EBE362643042EDF /* Pods-Flight Sickness.debug.xcconfig */;
			buildSettings = {
				ASSETCATALOG_COMPILER_APPICON_NAME = AppIcon;
				CODE_SIGN_STYLE = Automatic;
				DEVELOPMENT_TEAM = PWND86458W;
				INFOPLIST_FILE = "Flight Sickness/Info.plist";
				LD_RUNPATH_SEARCH_PATHS = "$(inherited) @executable_path/Frameworks";
				PRODUCT_BUNDLE_IDENTIFIER = com.Roshan.FS;
				PRODUCT_NAME = "$(TARGET_NAME)";
				SWIFT_VERSION = 4.0;
				TARGETED_DEVICE_FAMILY = "1,2";
			};
			name = Debug;
		};
		1B93E2081F979FBC0078B4EF /* Release */ = {
			isa = XCBuildConfiguration;
			baseConfigurationReference = D50407CABA4F7D3C99696B17 /* Pods-Flight Sickness.release.xcconfig */;
			buildSettings = {
				ASSETCATALOG_COMPILER_APPICON_NAME = AppIcon;
				CODE_SIGN_STYLE = Automatic;
				DEVELOPMENT_TEAM = PWND86458W;
				INFOPLIST_FILE = "Flight Sickness/Info.plist";
				LD_RUNPATH_SEARCH_PATHS = "$(inherited) @executable_path/Frameworks";
				PRODUCT_BUNDLE_IDENTIFIER = com.Roshan.FS;
				PRODUCT_NAME = "$(TARGET_NAME)";
				SWIFT_VERSION = 4.0;
				TARGETED_DEVICE_FAMILY = "1,2";
			};
			name = Release;
		};
/* End XCBuildConfiguration section */

/* Begin XCConfigurationList section */
		1B93E1E91F979FBC0078B4EF /* Build configuration list for PBXProject "Flight Sickness" */ = {
			isa = XCConfigurationList;
			buildConfigurations = (
				1B93E2041F979FBC0078B4EF /* Debug */,
				1B93E2051F979FBC0078B4EF /* Release */,
			);
			defaultConfigurationIsVisible = 0;
			defaultConfigurationName = Release;
		};
		1B93E2061F979FBC0078B4EF /* Build configuration list for PBXNativeTarget "Flight Sickness" */ = {
			isa = XCConfigurationList;
			buildConfigurations = (
				1B93E2071F979FBC0078B4EF /* Debug */,
				1B93E2081F979FBC0078B4EF /* Release */,
			);
			defaultConfigurationIsVisible = 0;
			defaultConfigurationName = Release;
		};
/* End XCConfigurationList section */
	};
	rootObject = 1B93E1E61F979FBC0078B4EF /* Project object */;
}
